// !$*UTF8*$!
{
	archiveVersion = 1;
	classes = {
	};
	objectVersion = 51;
	objects = {

/* Begin PBXBuildFile section */
		26C08479CA9BB82073215924 /* Pods_ParstagramTests.framework in Frameworks */ = {isa = PBXBuildFile; fileRef = A6075229B1C1B8603DA50CD7 /* Pods_ParstagramTests.framework */; };
		3F5132B0E732A7A3559A7971 /* Pods_Parstagram.framework in Frameworks */ = {isa = PBXBuildFile; fileRef = C913D829FBA21FEDCEFCB1E6 /* Pods_Parstagram.framework */; };
		67257D8618833F1FA96856DB /* Pods_Parstagram_ParstagramUITests.framework in Frameworks */ = {isa = PBXBuildFile; fileRef = 095C667E9726DD06770F9E32 /* Pods_Parstagram_ParstagramUITests.framework */; };
		C73E6299254255D2009FEA7A /* AppDelegate.swift in Sources */ = {isa = PBXBuildFile; fileRef = C73E6298254255D2009FEA7A /* AppDelegate.swift */; };
		C73E629B254255D2009FEA7A /* SceneDelegate.swift in Sources */ = {isa = PBXBuildFile; fileRef = C73E629A254255D2009FEA7A /* SceneDelegate.swift */; };
		C73E62A0254255D2009FEA7A /* Main.storyboard in Resources */ = {isa = PBXBuildFile; fileRef = C73E629E254255D2009FEA7A /* Main.storyboard */; };
		C73E62A2254255D5009FEA7A /* Assets.xcassets in Resources */ = {isa = PBXBuildFile; fileRef = C73E62A1254255D5009FEA7A /* Assets.xcassets */; };
		C73E62A5254255D5009FEA7A /* LaunchScreen.storyboard in Resources */ = {isa = PBXBuildFile; fileRef = C73E62A3254255D5009FEA7A /* LaunchScreen.storyboard */; };
		C73E62B0254255D5009FEA7A /* ParstagramTests.swift in Sources */ = {isa = PBXBuildFile; fileRef = C73E62AF254255D5009FEA7A /* ParstagramTests.swift */; };
		C73E62BB254255D5009FEA7A /* ParstagramUITests.swift in Sources */ = {isa = PBXBuildFile; fileRef = C73E62BA254255D5009FEA7A /* ParstagramUITests.swift */; };
		C73E62D225425818009FEA7A /* LoginViewController.swift in Sources */ = {isa = PBXBuildFile; fileRef = C73E62D125425818009FEA7A /* LoginViewController.swift */; };
		C73E62D72542582A009FEA7A /* FeedViewController.swift in Sources */ = {isa = PBXBuildFile; fileRef = C73E62D62542582A009FEA7A /* FeedViewController.swift */; };
		C73E62EA254279D7009FEA7A /* CameraViewController.swift in Sources */ = {isa = PBXBuildFile; fileRef = C73E62E9254279D7009FEA7A /* CameraViewController.swift */; };
		C73E630025428A49009FEA7A /* PostCell.swift in Sources */ = {isa = PBXBuildFile; fileRef = C73E62FF25428A49009FEA7A /* PostCell.swift */; };
/* End PBXBuildFile section */

/* Begin PBXContainerItemProxy section */
		C73E62AC254255D5009FEA7A /* PBXContainerItemProxy */ = {
			isa = PBXContainerItemProxy;
			containerPortal = C73E628D254255D2009FEA7A /* Project object */;
			proxyType = 1;
			remoteGlobalIDString = C73E6294254255D2009FEA7A;
			remoteInfo = Parstagram;
		};
		C73E62B7254255D5009FEA7A /* PBXContainerItemProxy */ = {
			isa = PBXContainerItemProxy;
			containerPortal = C73E628D254255D2009FEA7A /* Project object */;
			proxyType = 1;
			remoteGlobalIDString = C73E6294254255D2009FEA7A;
			remoteInfo = Parstagram;
		};
/* End PBXContainerItemProxy section */

/* Begin PBXFileReference section */
		07F14196CD302E83AD48F260 /* Pods-Parstagram-ParstagramUITests.debug.xcconfig */ = {isa = PBXFileReference; includeInIndex = 1; lastKnownFileType = text.xcconfig; name = "Pods-Parstagram-ParstagramUITests.debug.xcconfig"; path = "Target Support Files/Pods-Parstagram-ParstagramUITests/Pods-Parstagram-ParstagramUITests.debug.xcconfig"; sourceTree = "<group>"; };
		095C667E9726DD06770F9E32 /* Pods_Parstagram_ParstagramUITests.framework */ = {isa = PBXFileReference; explicitFileType = wrapper.framework; includeInIndex = 0; path = Pods_Parstagram_ParstagramUITests.framework; sourceTree = BUILT_PRODUCTS_DIR; };
		35B121481C6B7CD1F47EAAE3 /* Pods-Parstagram.debug.xcconfig */ = {isa = PBXFileReference; includeInIndex = 1; lastKnownFileType = text.xcconfig; name = "Pods-Parstagram.debug.xcconfig"; path = "Target Support Files/Pods-Parstagram/Pods-Parstagram.debug.xcconfig"; sourceTree = "<group>"; };
		429ED2550E6FF60E7CAAF669 /* Pods-ParstagramTests.debug.xcconfig */ = {isa = PBXFileReference; includeInIndex = 1; lastKnownFileType = text.xcconfig; name = "Pods-ParstagramTests.debug.xcconfig"; path = "Target Support Files/Pods-ParstagramTests/Pods-ParstagramTests.debug.xcconfig"; sourceTree = "<group>"; };
		603C6C00DA004B9530A13BAE /* Pods-Parstagram-ParstagramUITests.release.xcconfig */ = {isa = PBXFileReference; includeInIndex = 1; lastKnownFileType = text.xcconfig; name = "Pods-Parstagram-ParstagramUITests.release.xcconfig"; path = "Target Support Files/Pods-Parstagram-ParstagramUITests/Pods-Parstagram-ParstagramUITests.release.xcconfig"; sourceTree = "<group>"; };
		94EE84D7F6E829262FCC7A34 /* Pods-ParstagramTests.release.xcconfig */ = {isa = PBXFileReference; includeInIndex = 1; lastKnownFileType = text.xcconfig; name = "Pods-ParstagramTests.release.xcconfig"; path = "Target Support Files/Pods-ParstagramTests/Pods-ParstagramTests.release.xcconfig"; sourceTree = "<group>"; };
		9F295297F8B0233B99B4CE40 /* Pods-Parstagram.release.xcconfig */ = {isa = PBXFileReference; includeInIndex = 1; lastKnownFileType = text.xcconfig; name = "Pods-Parstagram.release.xcconfig"; path = "Target Support Files/Pods-Parstagram/Pods-Parstagram.release.xcconfig"; sourceTree = "<group>"; };
		A6075229B1C1B8603DA50CD7 /* Pods_ParstagramTests.framework */ = {isa = PBXFileReference; explicitFileType = wrapper.framework; includeInIndex = 0; path = Pods_ParstagramTests.framework; sourceTree = BUILT_PRODUCTS_DIR; };
		C73E6295254255D2009FEA7A /* Parstagram.app */ = {isa = PBXFileReference; explicitFileType = wrapper.application; includeInIndex = 0; path = Parstagram.app; sourceTree = BUILT_PRODUCTS_DIR; };
		C73E6298254255D2009FEA7A /* AppDelegate.swift */ = {isa = PBXFileReference; lastKnownFileType = sourcecode.swift; path = AppDelegate.swift; sourceTree = "<group>"; };
		C73E629A254255D2009FEA7A /* SceneDelegate.swift */ = {isa = PBXFileReference; lastKnownFileType = sourcecode.swift; path = SceneDelegate.swift; sourceTree = "<group>"; };
		C73E629F254255D2009FEA7A /* Base */ = {isa = PBXFileReference; lastKnownFileType = file.storyboard; name = Base; path = Base.lproj/Main.storyboard; sourceTree = "<group>"; };
		C73E62A1254255D5009FEA7A /* Assets.xcassets */ = {isa = PBXFileReference; lastKnownFileType = folder.assetcatalog; path = Assets.xcassets; sourceTree = "<group>"; };
		C73E62A4254255D5009FEA7A /* Base */ = {isa = PBXFileReference; lastKnownFileType = file.storyboard; name = Base; path = Base.lproj/LaunchScreen.storyboard; sourceTree = "<group>"; };
		C73E62A6254255D5009FEA7A /* Info.plist */ = {isa = PBXFileReference; lastKnownFileType = text.plist.xml; path = Info.plist; sourceTree = "<group>"; };
		C73E62AB254255D5009FEA7A /* ParstagramTests.xctest */ = {isa = PBXFileReference; explicitFileType = wrapper.cfbundle; includeInIndex = 0; path = ParstagramTests.xctest; sourceTree = BUILT_PRODUCTS_DIR; };
		C73E62AF254255D5009FEA7A /* ParstagramTests.swift */ = {isa = PBXFileReference; lastKnownFileType = sourcecode.swift; path = ParstagramTests.swift; sourceTree = "<group>"; };
		C73E62B1254255D5009FEA7A /* Info.plist */ = {isa = PBXFileReference; lastKnownFileType = text.plist.xml; path = Info.plist; sourceTree = "<group>"; };
		C73E62B6254255D5009FEA7A /* ParstagramUITests.xctest */ = {isa = PBXFileReference; explicitFileType = wrapper.cfbundle; includeInIndex = 0; path = ParstagramUITests.xctest; sourceTree = BUILT_PRODUCTS_DIR; };
		C73E62BA254255D5009FEA7A /* ParstagramUITests.swift */ = {isa = PBXFileReference; lastKnownFileType = sourcecode.swift; path = ParstagramUITests.swift; sourceTree = "<group>"; };
		C73E62BC254255D5009FEA7A /* Info.plist */ = {isa = PBXFileReference; lastKnownFileType = text.plist.xml; path = Info.plist; sourceTree = "<group>"; };
		C73E62D125425818009FEA7A /* LoginViewController.swift */ = {isa = PBXFileReference; lastKnownFileType = sourcecode.swift; path = LoginViewController.swift; sourceTree = "<group>"; };
		C73E62D62542582A009FEA7A /* FeedViewController.swift */ = {isa = PBXFileReference; lastKnownFileType = sourcecode.swift; path = FeedViewController.swift; sourceTree = "<group>"; };
		C73E62E9254279D7009FEA7A /* CameraViewController.swift */ = {isa = PBXFileReference; fileEncoding = 4; lastKnownFileType = sourcecode.swift; path = CameraViewController.swift; sourceTree = "<group>"; };
		C73E62FF25428A49009FEA7A /* PostCell.swift */ = {isa = PBXFileReference; lastKnownFileType = sourcecode.swift; path = PostCell.swift; sourceTree = "<group>"; };
		C913D829FBA21FEDCEFCB1E6 /* Pods_Parstagram.framework */ = {isa = PBXFileReference; explicitFileType = wrapper.framework; includeInIndex = 0; path = Pods_Parstagram.framework; sourceTree = BUILT_PRODUCTS_DIR; };
/* End PBXFileReference section */

/* Begin PBXFrameworksBuildPhase section */
		C73E6292254255D2009FEA7A /* Frameworks */ = {
			isa = PBXFrameworksBuildPhase;
			buildActionMask = 2147483647;
			files = (
				3F5132B0E732A7A3559A7971 /* Pods_Parstagram.framework in Frameworks */,
			);
			runOnlyForDeploymentPostprocessing = 0;
		};
		C73E62A8254255D5009FEA7A /* Frameworks */ = {
			isa = PBXFrameworksBuildPhase;
			buildActionMask = 2147483647;
			files = (
				26C08479CA9BB82073215924 /* Pods_ParstagramTests.framework in Frameworks */,
			);
			runOnlyForDeploymentPostprocessing = 0;
		};
		C73E62B3254255D5009FEA7A /* Frameworks */ = {
			isa = PBXFrameworksBuildPhase;
			buildActionMask = 2147483647;
			files = (
				67257D8618833F1FA96856DB /* Pods_Parstagram_ParstagramUITests.framework in Frameworks */,
			);
			runOnlyForDeploymentPostprocessing = 0;
		};
/* End PBXFrameworksBuildPhase section */

/* Begin PBXGroup section */
		C0548F0113BE45F2B722ED08 /* Frameworks */ = {
			isa = PBXGroup;
			children = (
				C913D829FBA21FEDCEFCB1E6 /* Pods_Parstagram.framework */,
				095C667E9726DD06770F9E32 /* Pods_Parstagram_ParstagramUITests.framework */,
				A6075229B1C1B8603DA50CD7 /* Pods_ParstagramTests.framework */,
			);
			name = Frameworks;
			sourceTree = "<group>";
		};
		C73E628C254255D1009FEA7A = {
			isa = PBXGroup;
			children = (
				C73E6297254255D2009FEA7A /* Parstagram */,
				C73E62AE254255D5009FEA7A /* ParstagramTests */,
				C73E62B9254255D5009FEA7A /* ParstagramUITests */,
				C73E6296254255D2009FEA7A /* Products */,
				EC603C9178953900418F037E /* Pods */,
				C0548F0113BE45F2B722ED08 /* Frameworks */,
			);
			sourceTree = "<group>";
		};
		C73E6296254255D2009FEA7A /* Products */ = {
			isa = PBXGroup;
			children = (
				C73E6295254255D2009FEA7A /* Parstagram.app */,
				C73E62AB254255D5009FEA7A /* ParstagramTests.xctest */,
				C73E62B6254255D5009FEA7A /* ParstagramUITests.xctest */,
			);
			name = Products;
			sourceTree = "<group>";
		};
		C73E6297254255D2009FEA7A /* Parstagram */ = {
			isa = PBXGroup;
			children = (
				C73E6298254255D2009FEA7A /* AppDelegate.swift */,
				C73E629A254255D2009FEA7A /* SceneDelegate.swift */,
				C73E629E254255D2009FEA7A /* Main.storyboard */,
				C73E62A1254255D5009FEA7A /* Assets.xcassets */,
				C73E62A3254255D5009FEA7A /* LaunchScreen.storyboard */,
				C73E62A6254255D5009FEA7A /* Info.plist */,
				C73E62D125425818009FEA7A /* LoginViewController.swift */,
				C73E62D62542582A009FEA7A /* FeedViewController.swift */,
				C73E62E9254279D7009FEA7A /* CameraViewController.swift */,
				C73E62FF25428A49009FEA7A /* PostCell.swift */,
			);
			path = Parstagram;
			sourceTree = "<group>";
		};
		C73E62AE254255D5009FEA7A /* ParstagramTests */ = {
			isa = PBXGroup;
			children = (
				C73E62AF254255D5009FEA7A /* ParstagramTests.swift */,
				C73E62B1254255D5009FEA7A /* Info.plist */,
			);
			path = ParstagramTests;
			sourceTree = "<group>";
		};
		C73E62B9254255D5009FEA7A /* ParstagramUITests */ = {
			isa = PBXGroup;
			children = (
				C73E62BA254255D5009FEA7A /* ParstagramUITests.swift */,
				C73E62BC254255D5009FEA7A /* Info.plist */,
			);
			path = ParstagramUITests;
			sourceTree = "<group>";
		};
		EC603C9178953900418F037E /* Pods */ = {
			isa = PBXGroup;
			children = (
				35B121481C6B7CD1F47EAAE3 /* Pods-Parstagram.debug.xcconfig */,
				9F295297F8B0233B99B4CE40 /* Pods-Parstagram.release.xcconfig */,
				07F14196CD302E83AD48F260 /* Pods-Parstagram-ParstagramUITests.debug.xcconfig */,
				603C6C00DA004B9530A13BAE /* Pods-Parstagram-ParstagramUITests.release.xcconfig */,
				429ED2550E6FF60E7CAAF669 /* Pods-ParstagramTests.debug.xcconfig */,
				94EE84D7F6E829262FCC7A34 /* Pods-ParstagramTests.release.xcconfig */,
			);
			path = Pods;
			sourceTree = "<group>";
		};
/* End PBXGroup section */

/* Begin PBXNativeTarget section */
		C73E6294254255D2009FEA7A /* Parstagram */ = {
			isa = PBXNativeTarget;
			buildConfigurationList = C73E62BF254255D5009FEA7A /* Build configuration list for PBXNativeTarget "Parstagram" */;
			buildPhases = (
				D3E6027FF2F3DB77477EE188 /* [CP] Check Pods Manifest.lock */,
				C73E6291254255D2009FEA7A /* Sources */,
				C73E6292254255D2009FEA7A /* Frameworks */,
				C73E6293254255D2009FEA7A /* Resources */,
				E25FCEA291BD7F667016968F /* [CP] Embed Pods Frameworks */,
			);
			buildRules = (
			);
			dependencies = (
			);
			name = Parstagram;
			productName = Parstagram;
			productReference = C73E6295254255D2009FEA7A /* Parstagram.app */;
			productType = "com.apple.product-type.application";
		};
		C73E62AA254255D5009FEA7A /* ParstagramTests */ = {
			isa = PBXNativeTarget;
			buildConfigurationList = C73E62C2254255D5009FEA7A /* Build configuration list for PBXNativeTarget "ParstagramTests" */;
			buildPhases = (
				7761E01EE31BBA677B09CC85 /* [CP] Check Pods Manifest.lock */,
				C73E62A7254255D5009FEA7A /* Sources */,
				C73E62A8254255D5009FEA7A /* Frameworks */,
				C73E62A9254255D5009FEA7A /* Resources */,
			);
			buildRules = (
			);
			dependencies = (
				C73E62AD254255D5009FEA7A /* PBXTargetDependency */,
			);
			name = ParstagramTests;
			productName = ParstagramTests;
			productReference = C73E62AB254255D5009FEA7A /* ParstagramTests.xctest */;
			productType = "com.apple.product-type.bundle.unit-test";
		};
		C73E62B5254255D5009FEA7A /* ParstagramUITests */ = {
			isa = PBXNativeTarget;
			buildConfigurationList = C73E62C5254255D5009FEA7A /* Build configuration list for PBXNativeTarget "ParstagramUITests" */;
			buildPhases = (
				09830B9A5AFECE683B2EFE13 /* [CP] Check Pods Manifest.lock */,
				C73E62B2254255D5009FEA7A /* Sources */,
				C73E62B3254255D5009FEA7A /* Frameworks */,
				C73E62B4254255D5009FEA7A /* Resources */,
				5C5CF2D2B0C6BBB12ECA7DD2 /* [CP] Embed Pods Frameworks */,
			);
			buildRules = (
			);
			dependencies = (
				C73E62B8254255D5009FEA7A /* PBXTargetDependency */,
			);
			name = ParstagramUITests;
			productName = ParstagramUITests;
			productReference = C73E62B6254255D5009FEA7A /* ParstagramUITests.xctest */;
			productType = "com.apple.product-type.bundle.ui-testing";
		};
/* End PBXNativeTarget section */

/* Begin PBXProject section */
		C73E628D254255D2009FEA7A /* Project object */ = {
			isa = PBXProject;
			attributes = {
				LastSwiftUpdateCheck = 1210;
				LastUpgradeCheck = 1210;
				TargetAttributes = {
					C73E6294254255D2009FEA7A = {
						CreatedOnToolsVersion = 12.1;
					};
					C73E62AA254255D5009FEA7A = {
						CreatedOnToolsVersion = 12.1;
						TestTargetID = C73E6294254255D2009FEA7A;
					};
					C73E62B5254255D5009FEA7A = {
						CreatedOnToolsVersion = 12.1;
						TestTargetID = C73E6294254255D2009FEA7A;
					};
				};
			};
			buildConfigurationList = C73E6290254255D2009FEA7A /* Build configuration list for PBXProject "Parstagram" */;
			compatibilityVersion = "Xcode 9.3";
			developmentRegion = en;
			hasScannedForEncodings = 0;
			knownRegions = (
				en,
				Base,
			);
			mainGroup = C73E628C254255D1009FEA7A;
			productRefGroup = C73E6296254255D2009FEA7A /* Products */;
			projectDirPath = "";
			projectRoot = "";
			targets = (
				C73E6294254255D2009FEA7A /* Parstagram */,
				C73E62AA254255D5009FEA7A /* ParstagramTests */,
				C73E62B5254255D5009FEA7A /* ParstagramUITests */,
			);
		};
/* End PBXProject section */

/* Begin PBXResourcesBuildPhase section */
		C73E6293254255D2009FEA7A /* Resources */ = {
			isa = PBXResourcesBuildPhase;
			buildActionMask = 2147483647;
			files = (
				C73E62A5254255D5009FEA7A /* LaunchScreen.storyboard in Resources */,
				C73E62A2254255D5009FEA7A /* Assets.xcassets in Resources */,
				C73E62A0254255D2009FEA7A /* Main.storyboard in Resources */,
			);
			runOnlyForDeploymentPostprocessing = 0;
		};
		C73E62A9254255D5009FEA7A /* Resources */ = {
			isa = PBXResourcesBuildPhase;
			buildActionMask = 2147483647;
			files = (
			);
			runOnlyForDeploymentPostprocessing = 0;
		};
		C73E62B4254255D5009FEA7A /* Resources */ = {
			isa = PBXResourcesBuildPhase;
			buildActionMask = 2147483647;
			files = (
			);
			runOnlyForDeploymentPostprocessing = 0;
		};
/* End PBXResourcesBuildPhase section */

/* Begin PBXShellScriptBuildPhase section */
		09830B9A5AFECE683B2EFE13 /* [CP] Check Pods Manifest.lock */ = {
			isa = PBXShellScriptBuildPhase;
			buildActionMask = 2147483647;
			files = (
			);
			inputFileListPaths = (
			);
			inputPaths = (
				"${PODS_PODFILE_DIR_PATH}/Podfile.lock",
				"${PODS_ROOT}/Manifest.lock",
			);
			name = "[CP] Check Pods Manifest.lock";
			outputFileListPaths = (
			);
			outputPaths = (
				"$(DERIVED_FILE_DIR)/Pods-Parstagram-ParstagramUITests-checkManifestLockResult.txt",
			);
			runOnlyForDeploymentPostprocessing = 0;
			shellPath = /bin/sh;
			shellScript = "diff \"${PODS_PODFILE_DIR_PATH}/Podfile.lock\" \"${PODS_ROOT}/Manifest.lock\" > /dev/null\nif [ $? != 0 ] ; then\n    # print error to STDERR\n    echo \"error: The sandbox is not in sync with the Podfile.lock. Run 'pod install' or update your CocoaPods installation.\" >&2\n    exit 1\nfi\n# This output is used by Xcode 'outputs' to avoid re-running this script phase.\necho \"SUCCESS\" > \"${SCRIPT_OUTPUT_FILE_0}\"\n";
			showEnvVarsInLog = 0;
		};
		5C5CF2D2B0C6BBB12ECA7DD2 /* [CP] Embed Pods Frameworks */ = {
			isa = PBXShellScriptBuildPhase;
			buildActionMask = 2147483647;
			files = (
			);
			inputFileListPaths = (
				"${PODS_ROOT}/Target Support Files/Pods-Parstagram-ParstagramUITests/Pods-Parstagram-ParstagramUITests-frameworks-${CONFIGURATION}-input-files.xcfilelist",
			);
			name = "[CP] Embed Pods Frameworks";
			outputFileListPaths = (
				"${PODS_ROOT}/Target Support Files/Pods-Parstagram-ParstagramUITests/Pods-Parstagram-ParstagramUITests-frameworks-${CONFIGURATION}-output-files.xcfilelist",
			);
			runOnlyForDeploymentPostprocessing = 0;
			shellPath = /bin/sh;
			shellScript = "\"${PODS_ROOT}/Target Support Files/Pods-Parstagram-ParstagramUITests/Pods-Parstagram-ParstagramUITests-frameworks.sh\"\n";
			showEnvVarsInLog = 0;
		};
		7761E01EE31BBA677B09CC85 /* [CP] Check Pods Manifest.lock */ = {
			isa = PBXShellScriptBuildPhase;
			buildActionMask = 2147483647;
			files = (
			);
			inputFileListPaths = (
			);
			inputPaths = (
				"${PODS_PODFILE_DIR_PATH}/Podfile.lock",
				"${PODS_ROOT}/Manifest.lock",
			);
			name = "[CP] Check Pods Manifest.lock";
			outputFileListPaths = (
			);
			outputPaths = (
				"$(DERIVED_FILE_DIR)/Pods-ParstagramTests-checkManifestLockResult.txt",
			);
			runOnlyForDeploymentPostprocessing = 0;
			shellPath = /bin/sh;
			shellScript = "diff \"${PODS_PODFILE_DIR_PATH}/Podfile.lock\" \"${PODS_ROOT}/Manifest.lock\" > /dev/null\nif [ $? != 0 ] ; then\n    # print error to STDERR\n    echo \"error: The sandbox is not in sync with the Podfile.lock. Run 'pod install' or update your CocoaPods installation.\" >&2\n    exit 1\nfi\n# This output is used by Xcode 'outputs' to avoid re-running this script phase.\necho \"SUCCESS\" > \"${SCRIPT_OUTPUT_FILE_0}\"\n";
			showEnvVarsInLog = 0;
		};
		D3E6027FF2F3DB77477EE188 /* [CP] Check Pods Manifest.lock */ = {
			isa = PBXShellScriptBuildPhase;
			buildActionMask = 2147483647;
			files = (
			);
			inputFileListPaths = (
			);
			inputPaths = (
				"${PODS_PODFILE_DIR_PATH}/Podfile.lock",
				"${PODS_ROOT}/Manifest.lock",
			);
			name = "[CP] Check Pods Manifest.lock";
			outputFileListPaths = (
			);
			outputPaths = (
				"$(DERIVED_FILE_DIR)/Pods-Parstagram-checkManifestLockResult.txt",
			);
			runOnlyForDeploymentPostprocessing = 0;
			shellPath = /bin/sh;
			shellScript = "diff \"${PODS_PODFILE_DIR_PATH}/Podfile.lock\" \"${PODS_ROOT}/Manifest.lock\" > /dev/null\nif [ $? != 0 ] ; then\n    # print error to STDERR\n    echo \"error: The sandbox is not in sync with the Podfile.lock. Run 'pod install' or update your CocoaPods installation.\" >&2\n    exit 1\nfi\n# This output is used by Xcode 'outputs' to avoid re-running this script phase.\necho \"SUCCESS\" > \"${SCRIPT_OUTPUT_FILE_0}\"\n";
			showEnvVarsInLog = 0;
		};
		E25FCEA291BD7F667016968F /* [CP] Embed Pods Frameworks */ = {
			isa = PBXShellScriptBuildPhase;
			buildActionMask = 2147483647;
			files = (
			);
			inputFileListPaths = (
				"${PODS_ROOT}/Target Support Files/Pods-Parstagram/Pods-Parstagram-frameworks-${CONFIGURATION}-input-files.xcfilelist",
			);
			name = "[CP] Embed Pods Frameworks";
			outputFileListPaths = (
				"${PODS_ROOT}/Target Support Files/Pods-Parstagram/Pods-Parstagram-frameworks-${CONFIGURATION}-output-files.xcfilelist",
			);
			runOnlyForDeploymentPostprocessing = 0;
			shellPath = /bin/sh;
			shellScript = "\"${PODS_ROOT}/Target Support Files/Pods-Parstagram/Pods-Parstagram-frameworks.sh\"\n";
			showEnvVarsInLog = 0;
		};
/* End PBXShellScriptBuildPhase section */

/* Begin PBXSourcesBuildPhase section */
		C73E6291254255D2009FEA7A /* Sources */ = {
			isa = PBXSourcesBuildPhase;
			buildActionMask = 2147483647;
			files = (
				C73E62D225425818009FEA7A /* LoginViewController.swift in Sources */,
				C73E62EA254279D7009FEA7A /* CameraViewController.swift in Sources */,
				C73E6299254255D2009FEA7A /* AppDelegate.swift in Sources */,
				C73E62D72542582A009FEA7A /* FeedViewController.swift in Sources */,
				C73E629B254255D2009FEA7A /* SceneDelegate.swift in Sources */,
				C73E630025428A49009FEA7A /* PostCell.swift in Sources */,
			);
			runOnlyForDeploymentPostprocessing = 0;
		};
		C73E62A7254255D5009FEA7A /* Sources */ = {
			isa = PBXSourcesBuildPhase;
			buildActionMask = 2147483647;
			files = (
				C73E62B0254255D5009FEA7A /* ParstagramTests.swift in Sources */,
			);
			runOnlyForDeploymentPostprocessing = 0;
		};
		C73E62B2254255D5009FEA7A /* Sources */ = {
			isa = PBXSourcesBuildPhase;
			buildActionMask = 2147483647;
			files = (
				C73E62BB254255D5009FEA7A /* ParstagramUITests.swift in Sources */,
			);
			runOnlyForDeploymentPostprocessing = 0;
		};
/* End PBXSourcesBuildPhase section */

/* Begin PBXTargetDependency section */
		C73E62AD254255D5009FEA7A /* PBXTargetDependency */ = {
			isa = PBXTargetDependency;
			target = C73E6294254255D2009FEA7A /* Parstagram */;
			targetProxy = C73E62AC254255D5009FEA7A /* PBXContainerItemProxy */;
		};
		C73E62B8254255D5009FEA7A /* PBXTargetDependency */ = {
			isa = PBXTargetDependency;
			target = C73E6294254255D2009FEA7A /* Parstagram */;
			targetProxy = C73E62B7254255D5009FEA7A /* PBXContainerItemProxy */;
		};
/* End PBXTargetDependency section */

/* Begin PBXVariantGroup section */
		C73E629E254255D2009FEA7A /* Main.storyboard */ = {
			isa = PBXVariantGroup;
			children = (
				C73E629F254255D2009FEA7A /* Base */,
			);
			name = Main.storyboard;
			sourceTree = "<group>";
		};
		C73E62A3254255D5009FEA7A /* LaunchScreen.storyboard */ = {
			isa = PBXVariantGroup;
			children = (
				C73E62A4254255D5009FEA7A /* Base */,
			);
			name = LaunchScreen.storyboard;
			sourceTree = "<group>";
		};
/* End PBXVariantGroup section */

/* Begin XCBuildConfiguration section */
		C73E62BD254255D5009FEA7A /* Debug */ = {
			isa = XCBuildConfiguration;
			buildSettings = {
				ALWAYS_SEARCH_USER_PATHS = NO;
				CLANG_ANALYZER_NONNULL = YES;
				CLANG_ANALYZER_NUMBER_OBJECT_CONVERSION = YES_AGGRESSIVE;
				CLANG_CXX_LANGUAGE_STANDARD = "gnu++14";
				CLANG_CXX_LIBRARY = "libc++";
				CLANG_ENABLE_MODULES = YES;
				CLANG_ENABLE_OBJC_ARC = YES;
				CLANG_ENABLE_OBJC_WEAK = YES;
				CLANG_WARN_BLOCK_CAPTURE_AUTORELEASING = YES;
				CLANG_WARN_BOOL_CONVERSION = YES;
				CLANG_WARN_COMMA = YES;
				CLANG_WARN_CONSTANT_CONVERSION = YES;
				CLANG_WARN_DEPRECATED_OBJC_IMPLEMENTATIONS = YES;
				CLANG_WARN_DIRECT_OBJC_ISA_USAGE = YES_ERROR;
				CLANG_WARN_DOCUMENTATION_COMMENTS = YES;
				CLANG_WARN_EMPTY_BODY = YES;
				CLANG_WARN_ENUM_CONVERSION = YES;
				CLANG_WARN_INFINITE_RECURSION = YES;
				CLANG_WARN_INT_CONVERSION = YES;
				CLANG_WARN_NON_LITERAL_NULL_CONVERSION = YES;
				CLANG_WARN_OBJC_IMPLICIT_RETAIN_SELF = YES;
				CLANG_WARN_OBJC_LITERAL_CONVERSION = YES;
				CLANG_WARN_OBJC_ROOT_CLASS = YES_ERROR;
				CLANG_WARN_QUOTED_INCLUDE_IN_FRAMEWORK_HEADER = YES;
				CLANG_WARN_RANGE_LOOP_ANALYSIS = YES;
				CLANG_WARN_STRICT_PROTOTYPES = YES;
				CLANG_WARN_SUSPICIOUS_MOVE = YES;
				CLANG_WARN_UNGUARDED_AVAILABILITY = YES_AGGRESSIVE;
				CLANG_WARN_UNREACHABLE_CODE = YES;
				CLANG_WARN__DUPLICATE_METHOD_MATCH = YES;
				COPY_PHASE_STRIP = NO;
				DEBUG_INFORMATION_FORMAT = dwarf;
				ENABLE_STRICT_OBJC_MSGSEND = YES;
				ENABLE_TESTABILITY = YES;
				GCC_C_LANGUAGE_STANDARD = gnu11;
				GCC_DYNAMIC_NO_PIC = NO;
				GCC_NO_COMMON_BLOCKS = YES;
				GCC_OPTIMIZATION_LEVEL = 0;
				GCC_PREPROCESSOR_DEFINITIONS = (
					"DEBUG=1",
					"$(inherited)",
				);
				GCC_WARN_64_TO_32_BIT_CONVERSION = YES;
				GCC_WARN_ABOUT_RETURN_TYPE = YES_ERROR;
				GCC_WARN_UNDECLARED_SELECTOR = YES;
				GCC_WARN_UNINITIALIZED_AUTOS = YES_AGGRESSIVE;
				GCC_WARN_UNUSED_FUNCTION = YES;
				GCC_WARN_UNUSED_VARIABLE = YES;
				IPHONEOS_DEPLOYMENT_TARGET = 14.1;
				MTL_ENABLE_DEBUG_INFO = INCLUDE_SOURCE;
				MTL_FAST_MATH = YES;
				ONLY_ACTIVE_ARCH = YES;
				SDKROOT = iphoneos;
				SWIFT_ACTIVE_COMPILATION_CONDITIONS = DEBUG;
				SWIFT_OPTIMIZATION_LEVEL = "-Onone";
			};
			name = Debug;
		};
		C73E62BE254255D5009FEA7A /* Release */ = {
			isa = XCBuildConfiguration;
			buildSettings = {
				ALWAYS_SEARCH_USER_PATHS = NO;
				CLANG_ANALYZER_NONNULL = YES;
				CLANG_ANALYZER_NUMBER_OBJECT_CONVERSION = YES_AGGRESSIVE;
				CLANG_CXX_LANGUAGE_STANDARD = "gnu++14";
				CLANG_CXX_LIBRARY = "libc++";
				CLANG_ENABLE_MODULES = YES;
				CLANG_ENABLE_OBJC_ARC = YES;
				CLANG_ENABLE_OBJC_WEAK = YES;
				CLANG_WARN_BLOCK_CAPTURE_AUTORELEASING = YES;
				CLANG_WARN_BOOL_CONVERSION = YES;
				CLANG_WARN_COMMA = YES;
				CLANG_WARN_CONSTANT_CONVERSION = YES;
				CLANG_WARN_DEPRECATED_OBJC_IMPLEMENTATIONS = YES;
				CLANG_WARN_DIRECT_OBJC_ISA_USAGE = YES_ERROR;
				CLANG_WARN_DOCUMENTATION_COMMENTS = YES;
				CLANG_WARN_EMPTY_BODY = YES;
				CLANG_WARN_ENUM_CONVERSION = YES;
				CLANG_WARN_INFINITE_RECURSION = YES;
				CLANG_WARN_INT_CONVERSION = YES;
				CLANG_WARN_NON_LITERAL_NULL_CONVERSION = YES;
				CLANG_WARN_OBJC_IMPLICIT_RETAIN_SELF = YES;
				CLANG_WARN_OBJC_LITERAL_CONVERSION = YES;
				CLANG_WARN_OBJC_ROOT_CLASS = YES_ERROR;
				CLANG_WARN_QUOTED_INCLUDE_IN_FRAMEWORK_HEADER = YES;
				CLANG_WARN_RANGE_LOOP_ANALYSIS = YES;
				CLANG_WARN_STRICT_PROTOTYPES = YES;
				CLANG_WARN_SUSPICIOUS_MOVE = YES;
				CLANG_WARN_UNGUARDED_AVAILABILITY = YES_AGGRESSIVE;
				CLANG_WARN_UNREACHABLE_CODE = YES;
				CLANG_WARN__DUPLICATE_METHOD_MATCH = YES;
				COPY_PHASE_STRIP = NO;
				DEBUG_INFORMATION_FORMAT = "dwarf-with-dsym";
				ENABLE_NS_ASSERTIONS = NO;
				ENABLE_STRICT_OBJC_MSGSEND = YES;
				GCC_C_LANGUAGE_STANDARD = gnu11;
				GCC_NO_COMMON_BLOCKS = YES;
				GCC_WARN_64_TO_32_BIT_CONVERSION = YES;
				GCC_WARN_ABOUT_RETURN_TYPE = YES_ERROR;
				GCC_WARN_UNDECLARED_SELECTOR = YES;
				GCC_WARN_UNINITIALIZED_AUTOS = YES_AGGRESSIVE;
				GCC_WARN_UNUSED_FUNCTION = YES;
				GCC_WARN_UNUSED_VARIABLE = YES;
				IPHONEOS_DEPLOYMENT_TARGET = 14.1;
				MTL_ENABLE_DEBUG_INFO = NO;
				MTL_FAST_MATH = YES;
				SDKROOT = iphoneos;
				SWIFT_COMPILATION_MODE = wholemodule;
				SWIFT_OPTIMIZATION_LEVEL = "-O";
				VALIDATE_PRODUCT = YES;
			};
			name = Release;
		};
		C73E62C0254255D5009FEA7A /* Debug */ = {
			isa = XCBuildConfiguration;
			baseConfigurationReference = 35B121481C6B7CD1F47EAAE3 /* Pods-Parstagram.debug.xcconfig */;
			buildSettings = {
				ASSETCATALOG_COMPILER_APPICON_NAME = AppIcon;
				ASSETCATALOG_COMPILER_GLOBAL_ACCENT_COLOR_NAME = AccentColor;
				CODE_SIGN_STYLE = Automatic;
				DEVELOPMENT_TEAM = VQMFNJ29R2;
				INFOPLIST_FILE = Parstagram/Info.plist;
				LD_RUNPATH_SEARCH_PATHS = (
					"$(inherited)",
					"@executable_path/Frameworks",
				);
				PRODUCT_BUNDLE_IDENTIFIER = com.gbarbachov.Parstagram;
				PRODUCT_NAME = "$(TARGET_NAME)";
				SWIFT_VERSION = 5.0;
				TARGETED_DEVICE_FAMILY = "1,2";
			};
			name = Debug;
		};
		C73E62C1254255D5009FEA7A /* Release */ = {
			isa = XCBuildConfiguration;
			baseConfigurationReference = 9F295297F8B0233B99B4CE40 /* Pods-Parstagram.release.xcconfig */;
			buildSettings = {
				ASSETCATALOG_COMPILER_APPICON_NAME = AppIcon;
				ASSETCATALOG_COMPILER_GLOBAL_ACCENT_COLOR_NAME = AccentColor;
				CODE_SIGN_STYLE = Automatic;
				DEVELOPMENT_TEAM = VQMFNJ29R2;
				INFOPLIST_FILE = Parstagram/Info.plist;
				LD_RUNPATH_SEARCH_PATHS = (
					"$(inherited)",
					"@executable_path/Frameworks",
				);
				PRODUCT_BUNDLE_IDENTIFIER = com.gbarbachov.Parstagram;
				PRODUCT_NAME = "$(TARGET_NAME)";
				SWIFT_VERSION = 5.0;
				TARGETED_DEVICE_FAMILY = "1,2";
			};
			name = Release;
		};
		C73E62C3254255D5009FEA7A /* Debug */ = {
			isa = XCBuildConfiguration;
			baseConfigurationReference = 429ED2550E6FF60E7CAAF669 /* Pods-ParstagramTests.debug.xcconfig */;
			buildSettings = {
				ALWAYS_EMBED_SWIFT_STANDARD_LIBRARIES = YES;
				BUNDLE_LOADER = "$(TEST_HOST)";
				CODE_SIGN_STYLE = Automatic;
				INFOPLIST_FILE = ParstagramTests/Info.plist;
				IPHONEOS_DEPLOYMENT_TARGET = 14.1;
				LD_RUNPATH_SEARCH_PATHS = (
					"$(inherited)",
					"@executable_path/Frameworks",
					"@loader_path/Frameworks",
				);
				PRODUCT_BUNDLE_IDENTIFIER = com.gbarbachov.ParstagramTests;
				PRODUCT_NAME = "$(TARGET_NAME)";
				SWIFT_VERSION = 5.0;
				TARGETED_DEVICE_FAMILY = "1,2";
				TEST_HOST = "$(BUILT_PRODUCTS_DIR)/Parstagram.app/Parstagram";
			};
			name = Debug;
		};
		C73E62C4254255D5009FEA7A /* Release */ = {
			isa = XCBuildConfiguration;
			baseConfigurationReference = 94EE84D7F6E829262FCC7A34 /* Pods-ParstagramTests.release.xcconfig */;
			buildSettings = {
				ALWAYS_EMBED_SWIFT_STANDARD_LIBRARIES = YES;
				BUNDLE_LOADER = "$(TEST_HOST)";
				CODE_SIGN_STYLE = Automatic;
				INFOPLIST_FILE = ParstagramTests/Info.plist;
				IPHONEOS_DEPLOYMENT_TARGET = 14.1;
				LD_RUNPATH_SEARCH_PATHS = (
					"$(inherited)",
					"@executable_path/Frameworks",
					"@loader_path/Frameworks",
				);
				PRODUCT_BUNDLE_IDENTIFIER = com.gbarbachov.ParstagramTests;
				PRODUCT_NAME = "$(TARGET_NAME)";
				SWIFT_VERSION = 5.0;
				TARGETED_DEVICE_FAMILY = "1,2";
				TEST_HOST = "$(BUILT_PRODUCTS_DIR)/Parstagram.app/Parstagram";
			};
			name = Release;
		};
		C73E62C6254255D5009FEA7A /* Debug */ = {
			isa = XCBuildConfiguration;
			baseConfigurationReference = 07F14196CD302E83AD48F260 /* Pods-Parstagram-ParstagramUITests.debug.xcconfig */;
			buildSettings = {
				ALWAYS_EMBED_SWIFT_STANDARD_LIBRARIES = YES;
				CODE_SIGN_STYLE = Automatic;
				INFOPLIST_FILE = ParstagramUITests/Info.plist;
				LD_RUNPATH_SEARCH_PATHS = (
					"$(inherited)",
					"@executable_path/Frameworks",
					"@loader_path/Frameworks",
				);
				PRODUCT_BUNDLE_IDENTIFIER = com.gbarbachov.ParstagramUITests;
				PRODUCT_NAME = "$(TARGET_NAME)";
				SWIFT_VERSION = 5.0;
				TARGETED_DEVICE_FAMILY = "1,2";
				TEST_TARGET_NAME = Parstagram;
			};
			name = Debug;
		};
		C73E62C7254255D5009FEA7A /* Release */ = {
			isa = XCBuildConfiguration;
			baseConfigurationReference = 603C6C00DA004B9530A13BAE /* Pods-Parstagram-ParstagramUITests.release.xcconfig */;
			buildSettings = {
				ALWAYS_EMBED_SWIFT_STANDARD_LIBRARIES = YES;
				CODE_SIGN_STYLE = Automatic;
				INFOPLIST_FILE = ParstagramUITests/Info.plist;
				LD_RUNPATH_SEARCH_PATHS = (
					"$(inherited)",
					"@executable_path/Frameworks",
					"@loader_path/Frameworks",
				);
				PRODUCT_BUNDLE_IDENTIFIER = com.gbarbachov.ParstagramUITests;
				PRODUCT_NAME = "$(TARGET_NAME)";
				SWIFT_VERSION = 5.0;
				TARGETED_DEVICE_FAMILY = "1,2";
				TEST_TARGET_NAME = Parstagram;
			};
			name = Release;
		};
/* End XCBuildConfiguration section */

/* Begin XCConfigurationList section */
		C73E6290254255D2009FEA7A /* Build configuration list for PBXProject "Parstagram" */ = {
			isa = XCConfigurationList;
			buildConfigurations = (
				C73E62BD254255D5009FEA7A /* Debug */,
				C73E62BE254255D5009FEA7A /* Release */,
			);
			defaultConfigurationIsVisible = 0;
			defaultConfigurationName = Release;
		};
		C73E62BF254255D5009FEA7A /* Build configuration list for PBXNativeTarget "Parstagram" */ = {
			isa = XCConfigurationList;
			buildConfigurations = (
				C73E62C0254255D5009FEA7A /* Debug */,
				C73E62C1254255D5009FEA7A /* Release */,
			);
			defaultConfigurationIsVisible = 0;
			defaultConfigurationName = Release;
		};
		C73E62C2254255D5009FEA7A /* Build configuration list for PBXNativeTarget "ParstagramTests" */ = {
			isa = XCConfigurationList;
			buildConfigurations = (
				C73E62C3254255D5009FEA7A /* Debug */,
				C73E62C4254255D5009FEA7A /* Release */,
			);
			defaultConfigurationIsVisible = 0;
			defaultConfigurationName = Release;
		};
		C73E62C5254255D5009FEA7A /* Build configuration list for PBXNativeTarget "ParstagramUITests" */ = {
			isa = XCConfigurationList;
			buildConfigurations = (
				C73E62C6254255D5009FEA7A /* Debug */,
				C73E62C7254255D5009FEA7A /* Release */,
			);
			defaultConfigurationIsVisible = 0;
			defaultConfigurationName = Release;
		};
/* End XCConfigurationList section */
	};
	rootObject = C73E628D254255D2009FEA7A /* Project object */;
}
